
Microsoft Visual Studio Solution File, Format Version 12.00
# Visual Studio 14
VisualStudioVersion = 14.0.25420.1
MinimumVisualStudioVersion = 10.0.40219.1
Project("{2150E333-8FDC-42A3-9474-1A3956D46DE8}") = "src", "src", "{B1CD1125-C3B5-46B4-9B61-CBB987B1606A}"
EndProject
Project("{2150E333-8FDC-42A3-9474-1A3956D46DE8}") = "Solution Items", "Solution Items", "{4467764E-19DF-4463-8C30-136F6AEEB331}"
	ProjectSection(SolutionItems) = preProject
		global.json = global.json
	EndProjectSection
EndProject
Project("{8BB2217D-0F2D-49D1-97BC-3654ED321F3B}") = "DotnetProECollector", "src\DotnetProECollector\DotnetProECollector.xproj", "{B4780CDF-A5CD-485F-A3B5-42BEDFD79714}"
EndProject
Global
	GlobalSection(SolutionConfigurationPlatforms) = preSolution
		Debug|Any CPU = Debug|Any CPU
		Release|Any CPU = Release|Any CPU
	EndGlobalSection
	GlobalSection(ProjectConfigurationPlatforms) = postSolution
		{B4780CDF-A5CD-485F-A3B5-42BEDFD79714}.Debug|Any CPU.ActiveCfg = Debug|Any CPU
		{B4780CDF-A5CD-485F-A3B5-42BEDFD79714}.Debug|Any CPU.Build.0 = Debug|Any CPU
		{B4780CDF-A5CD-485F-A3B5-42BEDFD79714}.Release|Any CPU.ActiveCfg = Release|Any CPU
		{B4780CDF-A5CD-485F-A3B5-42BEDFD79714}.Release|Any CPU.Build.0 = Release|Any CPU
	EndGlobalSection
	GlobalSection(SolutionProperties) = preSolution
		HideSolutionNode = FALSE
	EndGlobalSection
	GlobalSection(NestedProjects) = preSolution
		{B4780CDF-A5CD-485F-A3B5-42BEDFD79714} = {B1CD1125-C3B5-46B4-9B61-CBB987B1606A}
	EndGlobalSection
EndGlobal
